Microsoft Visual Studio Solution File, Format Version 12.00
# Visual Studio Version 17
VisualStudioVersion = 17.5.2.0
MinimumVisualStudioVersion = 10.0.40219.1
Project("{FAE04EC0-301F-11D3-BF4B-00C04F79EFBC}") = "AIBackendAPI.Tests", "AIBackendAPI.Tests.csproj", "{7ECB8887-C1C1-BB58-C12C-1CED3B2BFEB7}"
EndProject
Global
	GlobalSection(SolutionConfigurationPlatforms) = preSolution
		Debug|Any CPU = Debug|Any CPU
		Release|Any CPU = Release|Any CPU
	EndGlobalSection
	GlobalSection(ProjectConfigurationPlatforms) = postSolution
		{7ECB8887-C1C1-BB58-C12C-1CED3B2BFEB7}.Debug|Any CPU.ActiveCfg = Debug|Any CPU
		{7ECB8887-C1C1-BB58-C12C-1CED3B2BFEB7}.Debug|Any CPU.Build.0 = Debug|Any CPU
		{7ECB8887-C1C1-BB58-C12C-1CED3B2BFEB7}.Release|Any CPU.ActiveCfg = Release|Any CPU
		{7ECB8887-C1C1-BB58-C12C-1CED3B2BFEB7}.Release|Any CPU.Build.0 = Release|Any CPU
	EndGlobalSection
	GlobalSection(SolutionProperties) = preSolution
		HideSolutionNode = FALSE
	EndGlobalSection
	GlobalSection(ExtensibilityGlobals) = postSolution
		SolutionGuid = {423E2CB6-A315-45F0-AEC5-7348B66C5EAA}
	EndGlobalSection
EndGlobal
